
Microsoft Visual Studio Solution File, Format Version 12.00
# Visual Studio Version 16
VisualStudioVersion = 16.0.29519.181
MinimumVisualStudioVersion = 10.0.40219.1
Project("{FAE04EC0-301F-11D3-BF4B-00C04F79EFBC}") = "StudentExercisesMVC", "StudentExercisesMVC\StudentExercisesMVC.csproj", "{A3BAFC02-4B24-48D8-8F9D-096A9CE07A20}"
EndProject
Global
	GlobalSection(SolutionConfigurationPlatforms) = preSolution
		Debug|Any CPU = Debug|Any CPU
		Release|Any CPU = Release|Any CPU
	EndGlobalSection
	GlobalSection(ProjectConfigurationPlatforms) = postSolution
		{A3BAFC02-4B24-48D8-8F9D-096A9CE07A20}.Debug|Any CPU.ActiveCfg = Debug|Any CPU
		{A3BAFC02-4B24-48D8-8F9D-096A9CE07A20}.Debug|Any CPU.Build.0 = Debug|Any CPU
		{A3BAFC02-4B24-48D8-8F9D-096A9CE07A20}.Release|Any CPU.ActiveCfg = Release|Any CPU
		{A3BAFC02-4B24-48D8-8F9D-096A9CE07A20}.Release|Any CPU.Build.0 = Release|Any CPU
	EndGlobalSection
	GlobalSection(SolutionProperties) = preSolution
		HideSolutionNode = FALSE
	EndGlobalSection
	GlobalSection(ExtensibilityGlobals) = postSolution
		SolutionGuid = {877B6CB5-10A2-4121-B5CD-7C4716E11B38}
	EndGlobalSection
EndGlobal
